
Microsoft Visual Studio Solution File, Format Version 12.00
# Visual Studio 15
VisualStudioVersion = 15.0.27703.2026
MinimumVisualStudioVersion = 10.0.40219.1
Project("{FAE04EC0-301F-11D3-BF4B-00C04F79EFBC}") = "20190428_WindowsFormsApp1", "20190428_WindowsFormsApp1\20190428_WindowsFormsApp1.csproj", "{4E803569-2047-4E88-B113-C8433484CD03}"
EndProject
Global
	GlobalSection(SolutionConfigurationPlatforms) = preSolution
		Debug|Any CPU = Debug|Any CPU
		Release|Any CPU = Release|Any CPU
	EndGlobalSection
	GlobalSection(ProjectConfigurationPlatforms) = postSolution
		{4E803569-2047-4E88-B113-C8433484CD03}.Debug|Any CPU.ActiveCfg = Debug|Any CPU
		{4E803569-2047-4E88-B113-C8433484CD03}.Debug|Any CPU.Build.0 = Debug|Any CPU
		{4E803569-2047-4E88-B113-C8433484CD03}.Release|Any CPU.ActiveCfg = Release|Any CPU
		{4E803569-2047-4E88-B113-C8433484CD03}.Release|Any CPU.Build.0 = Release|Any CPU
	EndGlobalSection
	GlobalSection(SolutionProperties) = preSolution
		HideSolutionNode = FALSE
	EndGlobalSection
	GlobalSection(ExtensibilityGlobals) = postSolution
		SolutionGuid = {386691B7-2865-496E-B71F-34BA5B2947FC}
	EndGlobalSection
EndGlobal
